
Microsoft Visual Studio Solution File, Format Version 12.00
# Visual Studio Version 16
VisualStudioVersion = 16.0.29926.136
MinimumVisualStudioVersion = 10.0.40219.1
Project("{FAE04EC0-301F-11D3-BF4B-00C04F79EFBC}") = "FourSquare", "FourSquare\FourSquare.csproj", "{2F270010-88E8-4AB7-A279-045F607783AB}"
EndProject
Global
	GlobalSection(SolutionConfigurationPlatforms) = preSolution
		Debug|Any CPU = Debug|Any CPU
		Release|Any CPU = Release|Any CPU
	EndGlobalSection
	GlobalSection(ProjectConfigurationPlatforms) = postSolution
		{2F270010-88E8-4AB7-A279-045F607783AB}.Debug|Any CPU.ActiveCfg = Debug|Any CPU
		{2F270010-88E8-4AB7-A279-045F607783AB}.Debug|Any CPU.Build.0 = Debug|Any CPU
		{2F270010-88E8-4AB7-A279-045F607783AB}.Release|Any CPU.ActiveCfg = Release|Any CPU
		{2F270010-88E8-4AB7-A279-045F607783AB}.Release|Any CPU.Build.0 = Release|Any CPU
	EndGlobalSection
	GlobalSection(SolutionProperties) = preSolution
		HideSolutionNode = FALSE
	EndGlobalSection
	GlobalSection(ExtensibilityGlobals) = postSolution
		SolutionGuid = {293101FE-9A32-4437-AFF1-84FA56E83C76}
	EndGlobalSection
EndGlobal
